// !$*UTF8*$!
{
	archiveVersion = 1;
	classes = {
	};
	objectVersion = 46;
	objects = {

/* Begin PBXBuildFile section */
		AB9ADE7A186B577E00097288 /* Foundation.framework in Frameworks */ = {isa = PBXBuildFile; fileRef = AB9ADE79186B577E00097288 /* Foundation.framework */; };
		AB9ADE7C186B577E00097288 /* CoreGraphics.framework in Frameworks */ = {isa = PBXBuildFile; fileRef = AB9ADE7B186B577E00097288 /* CoreGraphics.framework */; };
		AB9ADE7E186B577E00097288 /* UIKit.framework in Frameworks */ = {isa = PBXBuildFile; fileRef = AB9ADE7D186B577E00097288 /* UIKit.framework */; };
		AB9ADE84186B577E00097288 /* InfoPlist.strings in Resources */ = {isa = PBXBuildFile; fileRef = AB9ADE82186B577E00097288 /* InfoPlist.strings */; };
		AB9ADE86186B577E00097288 /* main.m in Sources */ = {isa = PBXBuildFile; fileRef = AB9ADE85186B577E00097288 /* main.m */; };
		AB9ADE8A186B577E00097288 /* AppDelegate.m in Sources */ = {isa = PBXBuildFile; fileRef = AB9ADE89186B577E00097288 /* AppDelegate.m */; };
		AB9ADE8D186B577E00097288 /* Main.storyboard in Resources */ = {isa = PBXBuildFile; fileRef = AB9ADE8B186B577E00097288 /* Main.storyboard */; };
		AB9ADE90186B577E00097288 /* ViewController.m in Sources */ = {isa = PBXBuildFile; fileRef = AB9ADE8F186B577E00097288 /* ViewController.m */; };
		AB9ADE92186B577E00097288 /* Images.xcassets in Resources */ = {isa = PBXBuildFile; fileRef = AB9ADE91186B577E00097288 /* Images.xcassets */; };
		AB9ADE99186B577E00097288 /* XCTest.framework in Frameworks */ = {isa = PBXBuildFile; fileRef = AB9ADE98186B577E00097288 /* XCTest.framework */; };
		AB9ADE9A186B577E00097288 /* Foundation.framework in Frameworks */ = {isa = PBXBuildFile; fileRef = AB9ADE79186B577E00097288 /* Foundation.framework */; };
		AB9ADE9B186B577E00097288 /* UIKit.framework in Frameworks */ = {isa = PBXBuildFile; fileRef = AB9ADE7D186B577E00097288 /* UIKit.framework */; };
		AB9ADEA3186B577E00097288 /* InfoPlist.strings in Resources */ = {isa = PBXBuildFile; fileRef = AB9ADEA1186B577E00097288 /* InfoPlist.strings */; };
		AB9ADEA5186B577E00097288 /* testAnimTests.m in Sources */ = {isa = PBXBuildFile; fileRef = AB9ADEA4186B577E00097288 /* testAnimTests.m */; };
		AB9ADEB2186B5DF500097288 /* img1.jpg in Resources */ = {isa = PBXBuildFile; fileRef = AB9ADEAF186B5DF500097288 /* img1.jpg */; };
		AB9ADEB3186B5DF500097288 /* img2.jpg in Resources */ = {isa = PBXBuildFile; fileRef = AB9ADEB0186B5DF500097288 /* img2.jpg */; };
		AB9ADEB4186B5DF500097288 /* img3.jpg in Resources */ = {isa = PBXBuildFile; fileRef = AB9ADEB1186B5DF500097288 /* img3.jpg */; };
/* End PBXBuildFile section */

/* Begin PBXContainerItemProxy section */
		AB9ADE9C186B577E00097288 /* PBXContainerItemProxy */ = {
			isa = PBXContainerItemProxy;
			containerPortal = AB9ADE6E186B577D00097288 /* Project object */;
			proxyType = 1;
			remoteGlobalIDString = AB9ADE75186B577D00097288;
			remoteInfo = testAnim;
		};
/* End PBXContainerItemProxy section */

/* Begin PBXFileReference section */
		AB9ADE76186B577E00097288 /* testAnim.app */ = {isa = PBXFileReference; explicitFileType = wrapper.application; includeInIndex = 0; path = testAnim.app; sourceTree = BUILT_PRODUCTS_DIR; };
		AB9ADE79186B577E00097288 /* Foundation.framework */ = {isa = PBXFileReference; lastKnownFileType = wrapper.framework; name = Foundation.framework; path = System/Library/Frameworks/Foundation.framework; sourceTree = SDKROOT; };
		AB9ADE7B186B577E00097288 /* CoreGraphics.framework */ = {isa = PBXFileReference; lastKnownFileType = wrapper.framework; name = CoreGraphics.framework; path = System/Library/Frameworks/CoreGraphics.framework; sourceTree = SDKROOT; };
		AB9ADE7D186B577E00097288 /* UIKit.framework */ = {isa = PBXFileReference; lastKnownFileType = wrapper.framework; name = UIKit.framework; path = System/Library/Frameworks/UIKit.framework; sourceTree = SDKROOT; };
		AB9ADE81186B577E00097288 /* testAnim-Info.plist */ = {isa = PBXFileReference; lastKnownFileType = text.plist.xml; path = "testAnim-Info.plist"; sourceTree = "<group>"; };
		AB9ADE83186B577E00097288 /* en */ = {isa = PBXFileReference; lastKnownFileType = text.plist.strings; name = en; path = en.lproj/InfoPlist.strings; sourceTree = "<group>"; };
		AB9ADE85186B577E00097288 /* main.m */ = {isa = PBXFileReference; lastKnownFileType = sourcecode.c.objc; path = main.m; sourceTree = "<group>"; };
		AB9ADE87186B577E00097288 /* testAnim-Prefix.pch */ = {isa = PBXFileReference; lastKnownFileType = sourcecode.c.h; path = "testAnim-Prefix.pch"; sourceTree = "<group>"; };
		AB9ADE88186B577E00097288 /* AppDelegate.h */ = {isa = PBXFileReference; lastKnownFileType = sourcecode.c.h; path = AppDelegate.h; sourceTree = "<group>"; };
		AB9ADE89186B577E00097288 /* AppDelegate.m */ = {isa = PBXFileReference; lastKnownFileType = sourcecode.c.objc; path = AppDelegate.m; sourceTree = "<group>"; };
		AB9ADE8C186B577E00097288 /* Base */ = {isa = PBXFileReference; lastKnownFileType = file.storyboard; name = Base; path = Base.lproj/Main.storyboard; sourceTree = "<group>"; };
		AB9ADE8E186B577E00097288 /* ViewController.h */ = {isa = PBXFileReference; lastKnownFileType = sourcecode.c.h; path = ViewController.h; sourceTree = "<group>"; };
		AB9ADE8F186B577E00097288 /* ViewController.m */ = {isa = PBXFileReference; lastKnownFileType = sourcecode.c.objc; path = ViewController.m; sourceTree = "<group>"; };
		AB9ADE91186B577E00097288 /* Images.xcassets */ = {isa = PBXFileReference; lastKnownFileType = folder.assetcatalog; path = Images.xcassets; sourceTree = "<group>"; };
		AB9ADE97186B577E00097288 /* testAnimTests.xctest */ = {isa = PBXFileReference; explicitFileType = wrapper.cfbundle; includeInIndex = 0; path = testAnimTests.xctest; sourceTree = BUILT_PRODUCTS_DIR; };
		AB9ADE98186B577E00097288 /* XCTest.framework */ = {isa = PBXFileReference; lastKnownFileType = wrapper.framework; name = XCTest.framework; path = Library/Frameworks/XCTest.framework; sourceTree = DEVELOPER_DIR; };
		AB9ADEA0186B577E00097288 /* testAnimTests-Info.plist */ = {isa = PBXFileReference; lastKnownFileType = text.plist.xml; path = "testAnimTests-Info.plist"; sourceTree = "<group>"; };
		AB9ADEA2186B577E00097288 /* en */ = {isa = PBXFileReference; lastKnownFileType = text.plist.strings; name = en; path = en.lproj/InfoPlist.strings; sourceTree = "<group>"; };
		AB9ADEA4186B577E00097288 /* testAnimTests.m */ = {isa = PBXFileReference; lastKnownFileType = sourcecode.c.objc; path = testAnimTests.m; sourceTree = "<group>"; };
		AB9ADEAF186B5DF500097288 /* img1.jpg */ = {isa = PBXFileReference; lastKnownFileType = image.jpeg; path = img1.jpg; sourceTree = "<group>"; };
		AB9ADEB0186B5DF500097288 /* img2.jpg */ = {isa = PBXFileReference; lastKnownFileType = image.jpeg; path = img2.jpg; sourceTree = "<group>"; };
		AB9ADEB1186B5DF500097288 /* img3.jpg */ = {isa = PBXFileReference; lastKnownFileType = image.jpeg; path = img3.jpg; sourceTree = "<group>"; };
/* End PBXFileReference section */

/* Begin PBXFrameworksBuildPhase section */
		AB9ADE73186B577D00097288 /* Frameworks */ = {
			isa = PBXFrameworksBuildPhase;
			buildActionMask = 2147483647;
			files = (
				AB9ADE7C186B577E00097288 /* CoreGraphics.framework in Frameworks */,
				AB9ADE7E186B577E00097288 /* UIKit.framework in Frameworks */,
				AB9ADE7A186B577E00097288 /* Foundation.framework in Frameworks */,
			);
			runOnlyForDeploymentPostprocessing = 0;
		};
		AB9ADE94186B577E00097288 /* Frameworks */ = {
			isa = PBXFrameworksBuildPhase;
			buildActionMask = 2147483647;
			files = (
				AB9ADE99186B577E00097288 /* XCTest.framework in Frameworks */,
				AB9ADE9B186B577E00097288 /* UIKit.framework in Frameworks */,
				AB9ADE9A186B577E00097288 /* Foundation.framework in Frameworks */,
			);
			runOnlyForDeploymentPostprocessing = 0;
		};
/* End PBXFrameworksBuildPhase section */

/* Begin PBXGroup section */
		AB9ADE6D186B577D00097288 = {
			isa = PBXGroup;
			children = (
				AB9ADE7F186B577E00097288 /* testAnim */,
				AB9ADE9E186B577E00097288 /* testAnimTests */,
				AB9ADE78186B577E00097288 /* Frameworks */,
				AB9ADE77186B577E00097288 /* Products */,
			);
			sourceTree = "<group>";
		};
		AB9ADE77186B577E00097288 /* Products */ = {
			isa = PBXGroup;
			children = (
				AB9ADE76186B577E00097288 /* testAnim.app */,
				AB9ADE97186B577E00097288 /* testAnimTests.xctest */,
			);
			name = Products;
			sourceTree = "<group>";
		};
		AB9ADE78186B577E00097288 /* Frameworks */ = {
			isa = PBXGroup;
			children = (
				AB9ADE79186B577E00097288 /* Foundation.framework */,
				AB9ADE7B186B577E00097288 /* CoreGraphics.framework */,
				AB9ADE7D186B577E00097288 /* UIKit.framework */,
				AB9ADE98186B577E00097288 /* XCTest.framework */,
			);
			name = Frameworks;
			sourceTree = "<group>";
		};
		AB9ADE7F186B577E00097288 /* testAnim */ = {
			isa = PBXGroup;
			children = (
				AB9ADE88186B577E00097288 /* AppDelegate.h */,
				AB9ADE89186B577E00097288 /* AppDelegate.m */,
				AB9ADE8B186B577E00097288 /* Main.storyboard */,
				AB9ADE8E186B577E00097288 /* ViewController.h */,
				AB9ADE8F186B577E00097288 /* ViewController.m */,
				AB9ADE91186B577E00097288 /* Images.xcassets */,
				AB9ADE80186B577E00097288 /* Supporting Files */,
			);
			path = testAnim;
			sourceTree = "<group>";
		};
		AB9ADE80186B577E00097288 /* Supporting Files */ = {
			isa = PBXGroup;
			children = (
				AB9ADEAE186B5DF500097288 /* Images */,
				AB9ADE81186B577E00097288 /* testAnim-Info.plist */,
				AB9ADE82186B577E00097288 /* InfoPlist.strings */,
				AB9ADE85186B577E00097288 /* main.m */,
				AB9ADE87186B577E00097288 /* testAnim-Prefix.pch */,
			);
			name = "Supporting Files";
			sourceTree = "<group>";
		};
		AB9ADE9E186B577E00097288 /* testAnimTests */ = {
			isa = PBXGroup;
			children = (
				AB9ADEA4186B577E00097288 /* testAnimTests.m */,
				AB9ADE9F186B577E00097288 /* Supporting Files */,
			);
			path = testAnimTests;
			sourceTree = "<group>";
		};
		AB9ADE9F186B577E00097288 /* Supporting Files */ = {
			isa = PBXGroup;
			children = (
				AB9ADEA0186B577E00097288 /* testAnimTests-Info.plist */,
				AB9ADEA1186B577E00097288 /* InfoPlist.strings */,
			);
			name = "Supporting Files";
			sourceTree = "<group>";
		};
		AB9ADEAE186B5DF500097288 /* Images */ = {
			isa = PBXGroup;
			children = (
				AB9ADEAF186B5DF500097288 /* img1.jpg */,
				AB9ADEB0186B5DF500097288 /* img2.jpg */,
				AB9ADEB1186B5DF500097288 /* img3.jpg */,
			);
			path = Images;
			sourceTree = "<group>";
		};
/* End PBXGroup section */

/* Begin PBXNativeTarget section */
		AB9ADE75186B577D00097288 /* testAnim */ = {
			isa = PBXNativeTarget;
			buildConfigurationList = AB9ADEA8186B577E00097288 /* Build configuration list for PBXNativeTarget "testAnim" */;
			buildPhases = (
				AB9ADE72186B577D00097288 /* Sources */,
				AB9ADE73186B577D00097288 /* Frameworks */,
				AB9ADE74186B577D00097288 /* Resources */,
			);
			buildRules = (
			);
			dependencies = (
			);
			name = testAnim;
			productName = testAnim;
			productReference = AB9ADE76186B577E00097288 /* testAnim.app */;
			productType = "com.apple.product-type.application";
		};
		AB9ADE96186B577E00097288 /* testAnimTests */ = {
			isa = PBXNativeTarget;
			buildConfigurationList = AB9ADEAB186B577E00097288 /* Build configuration list for PBXNativeTarget "testAnimTests" */;
			buildPhases = (
				AB9ADE93186B577E00097288 /* Sources */,
				AB9ADE94186B577E00097288 /* Frameworks */,
				AB9ADE95186B577E00097288 /* Resources */,
			);
			buildRules = (
			);
			dependencies = (
				AB9ADE9D186B577E00097288 /* PBXTargetDependency */,
			);
			name = testAnimTests;
			productName = testAnimTests;
			productReference = AB9ADE97186B577E00097288 /* testAnimTests.xctest */;
			productType = "com.apple.product-type.bundle.unit-test";
		};
/* End PBXNativeTarget section */

/* Begin PBXProject section */
		AB9ADE6E186B577D00097288 /* Project object */ = {
			isa = PBXProject;
			attributes = {
				LastUpgradeCheck = 0500;
				ORGANIZATIONNAME = "Janna Hakobyan";
				TargetAttributes = {
					AB9ADE96186B577E00097288 = {
						TestTargetID = AB9ADE75186B577D00097288;
					};
				};
			};
			buildConfigurationList = AB9ADE71186B577D00097288 /* Build configuration list for PBXProject "testAnim" */;
			compatibilityVersion = "Xcode 3.2";
			developmentRegion = English;
			hasScannedForEncodings = 0;
			knownRegions = (
				en,
				Base,
			);
			mainGroup = AB9ADE6D186B577D00097288;
			productRefGroup = AB9ADE77186B577E00097288 /* Products */;
			projectDirPath = "";
			projectRoot = "";
			targets = (
				AB9ADE75186B577D00097288 /* testAnim */,
				AB9ADE96186B577E00097288 /* testAnimTests */,
			);
		};
/* End PBXProject section */

/* Begin PBXResourcesBuildPhase section */
		AB9ADE74186B577D00097288 /* Resources */ = {
			isa = PBXResourcesBuildPhase;
			buildActionMask = 2147483647;
			files = (
				AB9ADE92186B577E00097288 /* Images.xcassets in Resources */,
				AB9ADEB4186B5DF500097288 /* img3.jpg in Resources */,
				AB9ADEB3186B5DF500097288 /* img2.jpg in Resources */,
				AB9ADEB2186B5DF500097288 /* img1.jpg in Resources */,
				AB9ADE84186B577E00097288 /* InfoPlist.strings in Resources */,
				AB9ADE8D186B577E00097288 /* Main.storyboard in Resources */,
			);
			runOnlyForDeploymentPostprocessing = 0;
		};
		AB9ADE95186B577E00097288 /* Resources */ = {
			isa = PBXResourcesBuildPhase;
			buildActionMask = 2147483647;
			files = (
				AB9ADEA3186B577E00097288 /* InfoPlist.strings in Resources */,
			);
			runOnlyForDeploymentPostprocessing = 0;
		};
/* End PBXResourcesBuildPhase section */

/* Begin PBXSourcesBuildPhase section */
		AB9ADE72186B577D00097288 /* Sources */ = {
			isa = PBXSourcesBuildPhase;
			buildActionMask = 2147483647;
			files = (
				AB9ADE90186B577E00097288 /* ViewController.m in Sources */,
				AB9ADE8A186B577E00097288 /* AppDelegate.m in Sources */,
				AB9ADE86186B577E00097288 /* main.m in Sources */,
			);
			runOnlyForDeploymentPostprocessing = 0;
		};
		AB9ADE93186B577E00097288 /* Sources */ = {
			isa = PBXSourcesBuildPhase;
			buildActionMask = 2147483647;
			files = (
				AB9ADEA5186B577E00097288 /* testAnimTests.m in Sources */,
			);
			runOnlyForDeploymentPostprocessing = 0;
		};
/* End PBXSourcesBuildPhase section */

/* Begin PBXTargetDependency section */
		AB9ADE9D186B577E00097288 /* PBXTargetDependency */ = {
			isa = PBXTargetDependency;
			target = AB9ADE75186B577D00097288 /* testAnim */;
			targetProxy = AB9ADE9C186B577E00097288 /* PBXContainerItemProxy */;
		};
/* End PBXTargetDependency section */

/* Begin PBXVariantGroup section */
		AB9ADE82186B577E00097288 /* InfoPlist.strings */ = {
			isa = PBXVariantGroup;
			children = (
				AB9ADE83186B577E00097288 /* en */,
			);
			name = InfoPlist.strings;
			sourceTree = "<group>";
		};
		AB9ADE8B186B577E00097288 /* Main.storyboard */ = {
			isa = PBXVariantGroup;
			children = (
				AB9ADE8C186B577E00097288 /* Base */,
			);
			name = Main.storyboard;
			sourceTree = "<group>";
		};
		AB9ADEA1186B577E00097288 /* InfoPlist.strings */ = {
			isa = PBXVariantGroup;
			children = (
				AB9ADEA2186B577E00097288 /* en */,
			);
			name = InfoPlist.strings;
			sourceTree = "<group>";
		};
/* End PBXVariantGroup section */

/* Begin XCBuildConfiguration section */
		AB9ADEA6186B577E00097288 /* Debug */ = {
			isa = XCBuildConfiguration;
			buildSettings = {
				ALWAYS_SEARCH_USER_PATHS = NO;
				ARCHS = "$(ARCHS_STANDARD_INCLUDING_64_BIT)";
				CLANG_CXX_LANGUAGE_STANDARD = "gnu++0x";
				CLANG_CXX_LIBRARY = "libc++";
				CLANG_ENABLE_MODULES = YES;
				CLANG_ENABLE_OBJC_ARC = YES;
				CLANG_WARN_BOOL_CONVERSION = YES;
				CLANG_WARN_CONSTANT_CONVERSION = YES;
				CLANG_WARN_DIRECT_OBJC_ISA_USAGE = YES_ERROR;
				CLANG_WARN_EMPTY_BODY = YES;
				CLANG_WARN_ENUM_CONVERSION = YES;
				CLANG_WARN_INT_CONVERSION = YES;
				CLANG_WARN_OBJC_ROOT_CLASS = YES_ERROR;
				CLANG_WARN__DUPLICATE_METHOD_MATCH = YES;
				"CODE_SIGN_IDENTITY[sdk=iphoneos*]" = "iPhone Developer";
				COPY_PHASE_STRIP = NO;
				GCC_C_LANGUAGE_STANDARD = gnu99;
				GCC_DYNAMIC_NO_PIC = NO;
				GCC_OPTIMIZATION_LEVEL = 0;
				GCC_PREPROCESSOR_DEFINITIONS = (
					"DEBUG=1",
					"$(inherited)",
				);
				GCC_SYMBOLS_PRIVATE_EXTERN = NO;
				GCC_WARN_64_TO_32_BIT_CONVERSION = YES;
				GCC_WARN_ABOUT_RETURN_TYPE = YES_ERROR;
				GCC_WARN_UNDECLARED_SELECTOR = YES;
				GCC_WARN_UNINITIALIZED_AUTOS = YES;
				GCC_WARN_UNUSED_FUNCTION = YES;
				GCC_WARN_UNUSED_VARIABLE = YES;
				IPHONEOS_DEPLOYMENT_TARGET = 7.0;
				ONLY_ACTIVE_ARCH = YES;
				SDKROOT = iphoneos;
			};
			name = Debug;
		};
		AB9ADEA7186B577E00097288 /* Release */ = {
			isa = XCBuildConfiguration;
			buildSettings = {
				ALWAYS_SEARCH_USER_PATHS = NO;
				ARCHS = "$(ARCHS_STANDARD_INCLUDING_64_BIT)";
				CLANG_CXX_LANGUAGE_STANDARD = "gnu++0x";
				CLANG_CXX_LIBRARY = "libc++";
				CLANG_ENABLE_MODULES = YES;
				CLANG_ENABLE_OBJC_ARC = YES;
				CLANG_WARN_BOOL_CONVERSION = YES;
				CLANG_WARN_CONSTANT_CONVERSION = YES;
				CLANG_WARN_DIRECT_OBJC_ISA_USAGE = YES_ERROR;
				CLANG_WARN_EMPTY_BODY = YES;
				CLANG_WARN_ENUM_CONVERSION = YES;
				CLANG_WARN_INT_CONVERSION = YES;
				CLANG_WARN_OBJC_ROOT_CLASS = YES_ERROR;
				CLANG_WARN__DUPLICATE_METHOD_MATCH = YES;
				"CODE_SIGN_IDENTITY[sdk=iphoneos*]" = "iPhone Developer";
				COPY_PHASE_STRIP = YES;
				ENABLE_NS_ASSERTIONS = NO;
				GCC_C_LANGUAGE_STANDARD = gnu99;
				GCC_WARN_64_TO_32_BIT_CONVERSION = YES;
				GCC_WARN_ABOUT_RETURN_TYPE = YES_ERROR;
				GCC_WARN_UNDECLARED_SELECTOR = YES;
				GCC_WARN_UNINITIALIZED_AUTOS = YES;
				GCC_WARN_UNUSED_FUNCTION = YES;
				GCC_WARN_UNUSED_VARIABLE = YES;
				IPHONEOS_DEPLOYMENT_TARGET = 7.0;
				SDKROOT = iphoneos;
				VALIDATE_PRODUCT = YES;
			};
			name = Release;
		};
		AB9ADEA9186B577E00097288 /* Debug */ = {
			isa = XCBuildConfiguration;
			buildSettings = {
				ASSETCATALOG_COMPILER_APPICON_NAME = AppIcon;
				ASSETCATALOG_COMPILER_LAUNCHIMAGE_NAME = LaunchImage;
				GCC_PRECOMPILE_PREFIX_HEADER = YES;
				GCC_PREFIX_HEADER = "testAnim/testAnim-Prefix.pch";
				INFOPLIST_FILE = "testAnim/testAnim-Info.plist";
				PRODUCT_NAME = "$(TARGET_NAME)";
				WRAPPER_EXTENSION = app;
			};
			name = Debug;
		};
		AB9ADEAA186B577E00097288 /* Release */ = {
			isa = XCBuildConfiguration;
			buildSettings = {
				ASSETCATALOG_COMPILER_APPICON_NAME = AppIcon;
				ASSETCATALOG_COMPILER_LAUNCHIMAGE_NAME = LaunchImage;
				GCC_PRECOMPILE_PREFIX_HEADER = YES;
				GCC_PREFIX_HEADER = "testAnim/testAnim-Prefix.pch";
				INFOPLIST_FILE = "testAnim/testAnim-Info.plist";
				PRODUCT_NAME = "$(TARGET_NAME)";
				WRAPPER_EXTENSION = app;
			};
			name = Release;
		};
		AB9ADEAC186B577E00097288 /* Debug */ = {
			isa = XCBuildConfiguration;
			buildSettings = {
				ARCHS = "$(ARCHS_STANDARD_INCLUDING_64_BIT)";
				BUNDLE_LOADER = "$(BUILT_PRODUCTS_DIR)/testAnim.app/testAnim";
				FRAMEWORK_SEARCH_PATHS = (
					"$(SDKROOT)/Developer/Library/Frameworks",
					"$(inherited)",
					"$(DEVELOPER_FRAMEWORKS_DIR)",
				);
				GCC_PRECOMPILE_PREFIX_HEADER = YES;
				GCC_PREFIX_HEADER = "testAnim/testAnim-Prefix.pch";
				GCC_PREPROCESSOR_DEFINITIONS = (
					"DEBUG=1",
					"$(inherited)",
				);
				INFOPLIST_FILE = "testAnimTests/testAnimTests-Info.plist";
				PRODUCT_NAME = "$(TARGET_NAME)";
				TEST_HOST = "$(BUNDLE_LOADER)";
				WRAPPER_EXTENSION = xctest;
			};
			name = Debug;
		};
		AB9ADEAD186B577E00097288 /* Release */ = {
			isa = XCBuildConfiguration;
			buildSettings = {
				ARCHS = "$(ARCHS_STANDARD_INCLUDING_64_BIT)";
				BUNDLE_LOADER = "$(BUILT_PRODUCTS_DIR)/testAnim.app/testAnim";
				FRAMEWORK_SEARCH_PATHS = (
					"$(SDKROOT)/Developer/Library/Frameworks",
					"$(inherited)",
					"$(DEVELOPER_FRAMEWORKS_DIR)",
				);
				GCC_PRECOMPILE_PREFIX_HEADER = YES;
				GCC_PREFIX_HEADER = "testAnim/testAnim-Prefix.pch";
				INFOPLIST_FILE = "testAnimTests/testAnimTests-Info.plist";
				PRODUCT_NAME = "$(TARGET_NAME)";
				TEST_HOST = "$(BUNDLE_LOADER)";
				WRAPPER_EXTENSION = xctest;
			};
			name = Release;
		};
/* End XCBuildConfiguration section */

/* Begin XCConfigurationList section */
		AB9ADE71186B577D00097288 /* Build configuration list for PBXProject "testAnim" */ = {
			isa = XCConfigurationList;
			buildConfigurations = (
				AB9ADEA6186B577E00097288 /* Debug */,
				AB9ADEA7186B577E00097288 /* Release */,
			);
			defaultConfigurationIsVisible = 0;
			defaultConfigurationName = Release;
		};
		AB9ADEA8186B577E00097288 /* Build configuration list for PBXNativeTarget "testAnim" */ = {
			isa = XCConfigurationList;
			buildConfigurations = (
				AB9ADEA9186B577E00097288 /* Debug */,
				AB9ADEAA186B577E00097288 /* Release */,
			);
			defaultConfigurationIsVisible = 0;
		};
		AB9ADEAB186B577E00097288 /* Build configuration list for PBXNativeTarget "testAnimTests" */ = {
			isa = XCConfigurationList;
			buildConfigurations = (
				AB9ADEAC186B577E00097288 /* Debug */,
				AB9ADEAD186B577E00097288 /* Release */,
			);
			defaultConfigurationIsVisible = 0;
		};
/* End XCConfigurationList section */
	};
	rootObject = AB9ADE6E186B577D00097288 /* Project object */;
}
